
Microsoft Visual Studio Solution File, Format Version 12.00
# Visual Studio Version 17
VisualStudioVersion = 17.7.34202.233
MinimumVisualStudioVersion = 10.0.40219.1
Project("{9A19103F-16F7-4668-BE54-9A1E7A4F7556}") = "Pgotchi.Data", "Pgotchi.Data\Pgotchi.Data.csproj", "{AC9D6024-CBC9-4F1C-80C1-D24A15DABED2}"
EndProject
Project("{9A19103F-16F7-4668-BE54-9A1E7A4F7556}") = "Pgotchi.Apis", "Pgotchi.Apis\Pgotchi.Apis.csproj", "{113D3667-D07B-45DB-870D-2B8A07B4946B}"
EndProject
Project("{9A19103F-16F7-4668-BE54-9A1E7A4F7556}") = "Pgotchi.Core", "Pgotchi.Core\Pgotchi.Core.csproj", "{F4271B8C-72D1-4C5B-AC0A-6F321D4973AC}"
EndProject
Project("{9A19103F-16F7-4668-BE54-9A1E7A4F7556}") = "Pgotchi.Functions", "Pgotchi.Functions\Pgotchi.Functions.csproj", "{785CCA37-0AA6-4D75-9035-6C65203B7733}"
EndProject
Global
	GlobalSection(SolutionConfigurationPlatforms) = preSolution
		Debug|Any CPU = Debug|Any CPU
		Release|Any CPU = Release|Any CPU
	EndGlobalSection
	GlobalSection(ProjectConfigurationPlatforms) = postSolution
		{AC9D6024-CBC9-4F1C-80C1-D24A15DABED2}.Debug|Any CPU.ActiveCfg = Debug|Any CPU
		{AC9D6024-CBC9-4F1C-80C1-D24A15DABED2}.Debug|Any CPU.Build.0 = Debug|Any CPU
		{AC9D6024-CBC9-4F1C-80C1-D24A15DABED2}.Release|Any CPU.ActiveCfg = Release|Any CPU
		{AC9D6024-CBC9-4F1C-80C1-D24A15DABED2}.Release|Any CPU.Build.0 = Release|Any CPU
		{113D3667-D07B-45DB-870D-2B8A07B4946B}.Debug|Any CPU.ActiveCfg = Debug|Any CPU
		{113D3667-D07B-45DB-870D-2B8A07B4946B}.Debug|Any CPU.Build.0 = Debug|Any CPU
		{113D3667-D07B-45DB-870D-2B8A07B4946B}.Release|Any CPU.ActiveCfg = Release|Any CPU
		{113D3667-D07B-45DB-870D-2B8A07B4946B}.Release|Any CPU.Build.0 = Release|Any CPU
		{F4271B8C-72D1-4C5B-AC0A-6F321D4973AC}.Debug|Any CPU.ActiveCfg = Debug|Any CPU
		{F4271B8C-72D1-4C5B-AC0A-6F321D4973AC}.Debug|Any CPU.Build.0 = Debug|Any CPU
		{F4271B8C-72D1-4C5B-AC0A-6F321D4973AC}.Release|Any CPU.ActiveCfg = Release|Any CPU
		{F4271B8C-72D1-4C5B-AC0A-6F321D4973AC}.Release|Any CPU.Build.0 = Release|Any CPU
		{785CCA37-0AA6-4D75-9035-6C65203B7733}.Debug|Any CPU.ActiveCfg = Debug|Any CPU
		{785CCA37-0AA6-4D75-9035-6C65203B7733}.Debug|Any CPU.Build.0 = Debug|Any CPU
		{785CCA37-0AA6-4D75-9035-6C65203B7733}.Release|Any CPU.ActiveCfg = Release|Any CPU
		{785CCA37-0AA6-4D75-9035-6C65203B7733}.Release|Any CPU.Build.0 = Release|Any CPU
	EndGlobalSection
	GlobalSection(SolutionProperties) = preSolution
		HideSolutionNode = FALSE
	EndGlobalSection
	GlobalSection(ExtensibilityGlobals) = postSolution
		SolutionGuid = {FB478726-55DF-49BD-812E-D5CE995ED787}
	EndGlobalSection
EndGlobal
